<?xml version="1.0" encoding="UTF-8" standalone="yes" ?>
<CodeBlocks_project_file>
	<FileVersion major="1" minor="6" />
	<Project>
		<Option title="Pratica_1" />
		<Option pch_mode="2" />
		<Option compiler="gcc" />
		<Build>
			<Target title="Debug">
				<Option output="bin/Debug/Pratica_1" prefix_auto="1" extension_auto="1" />
				<Option object_output="obj/Debug/" />
				<Option type="1" />
				<Option compiler="gcc" />
				<Compiler>
					<Add option="-g" />
				</Compiler>
			</Target>
		</Build>
		<Compiler>
			<Add option="-Wall" />
			<Add option="-fexceptions" />
		</Compiler>
		<Unit filename="../Candidato.h" />
		<Unit filename="../ListaCandidatos.cpp" />
		<Unit filename="../ListaCandidatos.h" />
		<Unit filename="../NoCandidato.cpp" />
		<Unit filename="../NoCandidato.h" />
		<Unit filename="../candidato.cpp" />
		<Unit filename="../testes/TesteCandidato.cpp">
			<Option compile="0" />
			<Option link="0" />
		</Unit>
		<Unit filename="../testes/TesteEx1.cpp">
			<Option compile="0" />
			<Option link="0" />
		</Unit>
		<Unit filename="../testes/TesteEx2.cpp">
			<Option compile="0" />
			<Option link="0" />
		</Unit>
		<Unit filename="../testes/TesteEx3a.cpp" />
		<Unit filename="../testes/TesteEx3b.cpp">
			<Option compile="0" />
			<Option link="0" />
		</Unit>
		<Unit filename="../testes/TesteEx4.cpp">
			<Option compile="0" />
			<Option link="0" />
		</Unit>
		<Unit filename="../testes/TesteEx5.cpp">
			<Option compile="0" />
			<Option link="0" />
		</Unit>
		<Unit filename="../testes/TesteEx6.cpp">
			<Option compile="0" />
			<Option link="0" />
		</Unit>
		<Unit filename="../testes/TesteEx7.cpp">
			<Option compile="0" />
			<Option link="0" />
		</Unit>
		<Extensions>
			<code_completion />
			<envvars />
			<debugger />
			<lib_finder disable_auto="1" />
		</Extensions>
	</Project>
</CodeBlocks_project_file>
